// !$*UTF8*$!
{
	archiveVersion = 1;
	classes = {
	};
	objectVersion = 56;
	objects = {

/* Begin PBXBuildFile section */
		6E5AA8F52A55338B003232AA /* Kingfisher in Frameworks */ = {isa = PBXBuildFile; productRef = 6E5AA8F42A55338B003232AA /* Kingfisher */; };
		6E5AA8F82A55339C003232AA /* Alamofire in Frameworks */ = {isa = PBXBuildFile; productRef = 6E5AA8F72A55339C003232AA /* Alamofire */; };
		6ED515262A53505F0096ECF0 /* MysteryOfNumbersApp.swift in Sources */ = {isa = PBXBuildFile; fileRef = 6ED515252A53505F0096ECF0 /* MysteryOfNumbersApp.swift */; };
		6ED515282A53505F0096ECF0 /* MainView.swift in Sources */ = {isa = PBXBuildFile; fileRef = 6ED515272A53505F0096ECF0 /* MainView.swift */; };
		6ED5152A2A5350600096ECF0 /* Assets.xcassets in Resources */ = {isa = PBXBuildFile; fileRef = 6ED515292A5350600096ECF0 /* Assets.xcassets */; };
		6ED5152D2A5350600096ECF0 /* Preview Assets.xcassets in Resources */ = {isa = PBXBuildFile; fileRef = 6ED5152C2A5350600096ECF0 /* Preview Assets.xcassets */; };
		6ED515342A5350A60096ECF0 /* .gitignore in Resources */ = {isa = PBXBuildFile; fileRef = 6ED515332A5350A60096ECF0 /* .gitignore */; };
		6ED515412A53FB180096ECF0 /* Colors.xcassets in Resources */ = {isa = PBXBuildFile; fileRef = 6ED515402A53FB180096ECF0 /* Colors.xcassets */; };
		6ED515432A53FB290096ECF0 /* Images.xcassets in Resources */ = {isa = PBXBuildFile; fileRef = 6ED515422A53FB290096ECF0 /* Images.xcassets */; };
/* End PBXBuildFile section */

/* Begin PBXFileReference section */
		6ED515222A53505F0096ECF0 /* MysteryOfNumbers.app */ = {isa = PBXFileReference; explicitFileType = wrapper.application; includeInIndex = 0; path = MysteryOfNumbers.app; sourceTree = BUILT_PRODUCTS_DIR; };
		6ED515252A53505F0096ECF0 /* MysteryOfNumbersApp.swift */ = {isa = PBXFileReference; lastKnownFileType = sourcecode.swift; path = MysteryOfNumbersApp.swift; sourceTree = "<group>"; };
		6ED515272A53505F0096ECF0 /* MainView.swift */ = {isa = PBXFileReference; lastKnownFileType = sourcecode.swift; path = MainView.swift; sourceTree = "<group>"; };
		6ED515292A5350600096ECF0 /* Assets.xcassets */ = {isa = PBXFileReference; lastKnownFileType = folder.assetcatalog; path = Assets.xcassets; sourceTree = "<group>"; };
		6ED5152C2A5350600096ECF0 /* Preview Assets.xcassets */ = {isa = PBXFileReference; lastKnownFileType = folder.assetcatalog; path = "Preview Assets.xcassets"; sourceTree = "<group>"; };
		6ED515332A5350A60096ECF0 /* .gitignore */ = {isa = PBXFileReference; lastKnownFileType = text; path = .gitignore; sourceTree = "<group>"; };
		6ED515402A53FB180096ECF0 /* Colors.xcassets */ = {isa = PBXFileReference; lastKnownFileType = folder.assetcatalog; path = Colors.xcassets; sourceTree = "<group>"; };
		6ED515422A53FB290096ECF0 /* Images.xcassets */ = {isa = PBXFileReference; lastKnownFileType = folder.assetcatalog; path = Images.xcassets; sourceTree = "<group>"; };
/* End PBXFileReference section */

/* Begin PBXFrameworksBuildPhase section */
		6ED5151F2A53505F0096ECF0 /* Frameworks */ = {
			isa = PBXFrameworksBuildPhase;
			buildActionMask = 2147483647;
			files = (
				6E5AA8F52A55338B003232AA /* Kingfisher in Frameworks */,
				6E5AA8F82A55339C003232AA /* Alamofire in Frameworks */,
			);
			runOnlyForDeploymentPostprocessing = 0;
		};
/* End PBXFrameworksBuildPhase section */

/* Begin PBXGroup section */
		6ED515192A53505F0096ECF0 = {
			isa = PBXGroup;
			children = (
				6ED515242A53505F0096ECF0 /* MysteryOfNumbers */,
				6ED515232A53505F0096ECF0 /* Products */,
			);
			sourceTree = "<group>";
		};
		6ED515232A53505F0096ECF0 /* Products */ = {
			isa = PBXGroup;
			children = (
				6ED515222A53505F0096ECF0 /* MysteryOfNumbers.app */,
			);
			name = Products;
			sourceTree = "<group>";
		};
		6ED515242A53505F0096ECF0 /* MysteryOfNumbers */ = {
			isa = PBXGroup;
			children = (
				6ED515392A53FAA30096ECF0 /* Utils */,
				6ED515382A53FA930096ECF0 /* Resources */,
				6ED515372A53FA8C0096ECF0 /* Features */,
				6ED515362A53FA790096ECF0 /* Product */,
				6ED515352A53FA740096ECF0 /* Core */,
				6ED515252A53505F0096ECF0 /* MysteryOfNumbersApp.swift */,
				6ED5152B2A5350600096ECF0 /* Preview Content */,
				6ED515332A5350A60096ECF0 /* .gitignore */,
			);
			path = MysteryOfNumbers;
			sourceTree = "<group>";
		};
		6ED5152B2A5350600096ECF0 /* Preview Content */ = {
			isa = PBXGroup;
			children = (
				6ED5152C2A5350600096ECF0 /* Preview Assets.xcassets */,
			);
			path = "Preview Content";
			sourceTree = "<group>";
		};
		6ED515352A53FA740096ECF0 /* Core */ = {
			isa = PBXGroup;
			children = (
				6ED5153A2A53FAAC0096ECF0 /* Network */,
			);
			path = Core;
			sourceTree = "<group>";
		};
		6ED515362A53FA790096ECF0 /* Product */ = {
			isa = PBXGroup;
			children = (
				6ED515442A53FB3B0096ECF0 /* Widgets */,
			);
			path = Product;
			sourceTree = "<group>";
		};
		6ED515372A53FA8C0096ECF0 /* Features */ = {
			isa = PBXGroup;
			children = (
				6ED5153B2A53FAC30096ECF0 /* Main */,
			);
			path = Features;
			sourceTree = "<group>";
		};
		6ED515382A53FA930096ECF0 /* Resources */ = {
			isa = PBXGroup;
			children = (
				6ED5153C2A53FAD40096ECF0 /* Assets */,
			);
			path = Resources;
			sourceTree = "<group>";
		};
		6ED515392A53FAA30096ECF0 /* Utils */ = {
			isa = PBXGroup;
			children = (
				6ED5153F2A53FB010096ECF0 /* Extensions */,
				6ED5153E2A53FAFC0096ECF0 /* Enums */,
				6ED5153D2A53FAEE0096ECF0 /* Locale */,
			);
			path = Utils;
			sourceTree = "<group>";
		};
		6ED5153A2A53FAAC0096ECF0 /* Network */ = {
			isa = PBXGroup;
			children = (
			);
			path = Network;
			sourceTree = "<group>";
		};
		6ED5153B2A53FAC30096ECF0 /* Main */ = {
			isa = PBXGroup;
			children = (
				6ED515272A53505F0096ECF0 /* MainView.swift */,
			);
			path = Main;
			sourceTree = "<group>";
		};
		6ED5153C2A53FAD40096ECF0 /* Assets */ = {
			isa = PBXGroup;
			children = (
				6ED515292A5350600096ECF0 /* Assets.xcassets */,
				6ED515402A53FB180096ECF0 /* Colors.xcassets */,
				6ED515422A53FB290096ECF0 /* Images.xcassets */,
			);
			path = Assets;
			sourceTree = "<group>";
		};
		6ED5153D2A53FAEE0096ECF0 /* Locale */ = {
			isa = PBXGroup;
			children = (
			);
			path = Locale;
			sourceTree = "<group>";
		};
		6ED5153E2A53FAFC0096ECF0 /* Enums */ = {
			isa = PBXGroup;
			children = (
			);
			path = Enums;
			sourceTree = "<group>";
		};
		6ED5153F2A53FB010096ECF0 /* Extensions */ = {
			isa = PBXGroup;
			children = (
			);
			path = Extensions;
			sourceTree = "<group>";
		};
		6ED515442A53FB3B0096ECF0 /* Widgets */ = {
			isa = PBXGroup;
			children = (
				6ED515452A53FB440096ECF0 /* Buttons */,
			);
			path = Widgets;
			sourceTree = "<group>";
		};
		6ED515452A53FB440096ECF0 /* Buttons */ = {
			isa = PBXGroup;
			children = (
			);
			path = Buttons;
			sourceTree = "<group>";
		};
/* End PBXGroup section */

/* Begin PBXNativeTarget section */
		6ED515212A53505F0096ECF0 /* MysteryOfNumbers */ = {
			isa = PBXNativeTarget;
			buildConfigurationList = 6ED515302A5350600096ECF0 /* Build configuration list for PBXNativeTarget "MysteryOfNumbers" */;
			buildPhases = (
				6ED5151E2A53505F0096ECF0 /* Sources */,
				6ED5151F2A53505F0096ECF0 /* Frameworks */,
				6ED515202A53505F0096ECF0 /* Resources */,
			);
			buildRules = (
			);
			dependencies = (
			);
			name = MysteryOfNumbers;
			packageProductDependencies = (
				6E5AA8F42A55338B003232AA /* Kingfisher */,
				6E5AA8F72A55339C003232AA /* Alamofire */,
			);
			productName = MysteryOfNumbers;
			productReference = 6ED515222A53505F0096ECF0 /* MysteryOfNumbers.app */;
			productType = "com.apple.product-type.application";
		};
/* End PBXNativeTarget section */

/* Begin PBXProject section */
		6ED5151A2A53505F0096ECF0 /* Project object */ = {
			isa = PBXProject;
			attributes = {
				BuildIndependentTargetsInParallel = 1;
				LastSwiftUpdateCheck = 1430;
				LastUpgradeCheck = 1430;
				TargetAttributes = {
					6ED515212A53505F0096ECF0 = {
						CreatedOnToolsVersion = 14.3.1;
					};
				};
			};
			buildConfigurationList = 6ED5151D2A53505F0096ECF0 /* Build configuration list for PBXProject "MysteryOfNumbers" */;
			compatibilityVersion = "Xcode 14.0";
			developmentRegion = en;
			hasScannedForEncodings = 0;
			knownRegions = (
				en,
				Base,
			);
			mainGroup = 6ED515192A53505F0096ECF0;
			packageReferences = (
				6E5AA8F32A55338B003232AA /* XCRemoteSwiftPackageReference "Kingfisher" */,
				6E5AA8F62A55339C003232AA /* XCRemoteSwiftPackageReference "Alamofire" */,
			);
			productRefGroup = 6ED515232A53505F0096ECF0 /* Products */;
			projectDirPath = "";
			projectRoot = "";
			targets = (
				6ED515212A53505F0096ECF0 /* MysteryOfNumbers */,
			);
		};
/* End PBXProject section */

/* Begin PBXResourcesBuildPhase section */
		6ED515202A53505F0096ECF0 /* Resources */ = {
			isa = PBXResourcesBuildPhase;
			buildActionMask = 2147483647;
			files = (
				6ED5152D2A5350600096ECF0 /* Preview Assets.xcassets in Resources */,
				6ED515432A53FB290096ECF0 /* Images.xcassets in Resources */,
				6ED515412A53FB180096ECF0 /* Colors.xcassets in Resources */,
				6ED515342A5350A60096ECF0 /* .gitignore in Resources */,
				6ED5152A2A5350600096ECF0 /* Assets.xcassets in Resources */,
			);
			runOnlyForDeploymentPostprocessing = 0;
		};
/* End PBXResourcesBuildPhase section */

/* Begin PBXSourcesBuildPhase section */
		6ED5151E2A53505F0096ECF0 /* Sources */ = {
			isa = PBXSourcesBuildPhase;
			buildActionMask = 2147483647;
			files = (
				6ED515282A53505F0096ECF0 /* MainView.swift in Sources */,
				6ED515262A53505F0096ECF0 /* MysteryOfNumbersApp.swift in Sources */,
			);
			runOnlyForDeploymentPostprocessing = 0;
		};
/* End PBXSourcesBuildPhase section */

/* Begin XCBuildConfiguration section */
		6ED5152E2A5350600096ECF0 /* Debug */ = {
			isa = XCBuildConfiguration;
			buildSettings = {
				ALWAYS_SEARCH_USER_PATHS = NO;
				CLANG_ANALYZER_NONNULL = YES;
				CLANG_ANALYZER_NUMBER_OBJECT_CONVERSION = YES_AGGRESSIVE;
				CLANG_CXX_LANGUAGE_STANDARD = "gnu++20";
				CLANG_ENABLE_MODULES = YES;
				CLANG_ENABLE_OBJC_ARC = YES;
				CLANG_ENABLE_OBJC_WEAK = YES;
				CLANG_WARN_BLOCK_CAPTURE_AUTORELEASING = YES;
				CLANG_WARN_BOOL_CONVERSION = YES;
				CLANG_WARN_COMMA = YES;
				CLANG_WARN_CONSTANT_CONVERSION = YES;
				CLANG_WARN_DEPRECATED_OBJC_IMPLEMENTATIONS = YES;
				CLANG_WARN_DIRECT_OBJC_ISA_USAGE = YES_ERROR;
				CLANG_WARN_DOCUMENTATION_COMMENTS = YES;
				CLANG_WARN_EMPTY_BODY = YES;
				CLANG_WARN_ENUM_CONVERSION = YES;
				CLANG_WARN_INFINITE_RECURSION = YES;
				CLANG_WARN_INT_CONVERSION = YES;
				CLANG_WARN_NON_LITERAL_NULL_CONVERSION = YES;
				CLANG_WARN_OBJC_IMPLICIT_RETAIN_SELF = YES;
				CLANG_WARN_OBJC_LITERAL_CONVERSION = YES;
				CLANG_WARN_OBJC_ROOT_CLASS = YES_ERROR;
				CLANG_WARN_QUOTED_INCLUDE_IN_FRAMEWORK_HEADER = YES;
				CLANG_WARN_RANGE_LOOP_ANALYSIS = YES;
				CLANG_WARN_STRICT_PROTOTYPES = YES;
				CLANG_WARN_SUSPICIOUS_MOVE = YES;
				CLANG_WARN_UNGUARDED_AVAILABILITY = YES_AGGRESSIVE;
				CLANG_WARN_UNREACHABLE_CODE = YES;
				CLANG_WARN__DUPLICATE_METHOD_MATCH = YES;
				COPY_PHASE_STRIP = NO;
				DEBUG_INFORMATION_FORMAT = dwarf;
				ENABLE_STRICT_OBJC_MSGSEND = YES;
				ENABLE_TESTABILITY = YES;
				GCC_C_LANGUAGE_STANDARD = gnu11;
				GCC_DYNAMIC_NO_PIC = NO;
				GCC_NO_COMMON_BLOCKS = YES;
				GCC_OPTIMIZATION_LEVEL = 0;
				GCC_PREPROCESSOR_DEFINITIONS = (
					"DEBUG=1",
					"$(inherited)",
				);
				GCC_WARN_64_TO_32_BIT_CONVERSION = YES;
				GCC_WARN_ABOUT_RETURN_TYPE = YES_ERROR;
				GCC_WARN_UNDECLARED_SELECTOR = YES;
				GCC_WARN_UNINITIALIZED_AUTOS = YES_AGGRESSIVE;
				GCC_WARN_UNUSED_FUNCTION = YES;
				GCC_WARN_UNUSED_VARIABLE = YES;
				IPHONEOS_DEPLOYMENT_TARGET = 16.4;
				MTL_ENABLE_DEBUG_INFO = INCLUDE_SOURCE;
				MTL_FAST_MATH = YES;
				ONLY_ACTIVE_ARCH = YES;
				SDKROOT = iphoneos;
				SWIFT_ACTIVE_COMPILATION_CONDITIONS = DEBUG;
				SWIFT_OPTIMIZATION_LEVEL = "-Onone";
			};
			name = Debug;
		};
		6ED5152F2A5350600096ECF0 /* Release */ = {
			isa = XCBuildConfiguration;
			buildSettings = {
				ALWAYS_SEARCH_USER_PATHS = NO;
				CLANG_ANALYZER_NONNULL = YES;
				CLANG_ANALYZER_NUMBER_OBJECT_CONVERSION = YES_AGGRESSIVE;
				CLANG_CXX_LANGUAGE_STANDARD = "gnu++20";
				CLANG_ENABLE_MODULES = YES;
				CLANG_ENABLE_OBJC_ARC = YES;
				CLANG_ENABLE_OBJC_WEAK = YES;
				CLANG_WARN_BLOCK_CAPTURE_AUTORELEASING = YES;
				CLANG_WARN_BOOL_CONVERSION = YES;
				CLANG_WARN_COMMA = YES;
				CLANG_WARN_CONSTANT_CONVERSION = YES;
				CLANG_WARN_DEPRECATED_OBJC_IMPLEMENTATIONS = YES;
				CLANG_WARN_DIRECT_OBJC_ISA_USAGE = YES_ERROR;
				CLANG_WARN_DOCUMENTATION_COMMENTS = YES;
				CLANG_WARN_EMPTY_BODY = YES;
				CLANG_WARN_ENUM_CONVERSION = YES;
				CLANG_WARN_INFINITE_RECURSION = YES;
				CLANG_WARN_INT_CONVERSION = YES;
				CLANG_WARN_NON_LITERAL_NULL_CONVERSION = YES;
				CLANG_WARN_OBJC_IMPLICIT_RETAIN_SELF = YES;
				CLANG_WARN_OBJC_LITERAL_CONVERSION = YES;
				CLANG_WARN_OBJC_ROOT_CLASS = YES_ERROR;
				CLANG_WARN_QUOTED_INCLUDE_IN_FRAMEWORK_HEADER = YES;
				CLANG_WARN_RANGE_LOOP_ANALYSIS = YES;
				CLANG_WARN_STRICT_PROTOTYPES = YES;
				CLANG_WARN_SUSPICIOUS_MOVE = YES;
				CLANG_WARN_UNGUARDED_AVAILABILITY = YES_AGGRESSIVE;
				CLANG_WARN_UNREACHABLE_CODE = YES;
				CLANG_WARN__DUPLICATE_METHOD_MATCH = YES;
				COPY_PHASE_STRIP = NO;
				DEBUG_INFORMATION_FORMAT = "dwarf-with-dsym";
				ENABLE_NS_ASSERTIONS = NO;
				ENABLE_STRICT_OBJC_MSGSEND = YES;
				GCC_C_LANGUAGE_STANDARD = gnu11;
				GCC_NO_COMMON_BLOCKS = YES;
				GCC_WARN_64_TO_32_BIT_CONVERSION = YES;
				GCC_WARN_ABOUT_RETURN_TYPE = YES_ERROR;
				GCC_WARN_UNDECLARED_SELECTOR = YES;
				GCC_WARN_UNINITIALIZED_AUTOS = YES_AGGRESSIVE;
				GCC_WARN_UNUSED_FUNCTION = YES;
				GCC_WARN_UNUSED_VARIABLE = YES;
				IPHONEOS_DEPLOYMENT_TARGET = 16.4;
				MTL_ENABLE_DEBUG_INFO = NO;
				MTL_FAST_MATH = YES;
				SDKROOT = iphoneos;
				SWIFT_COMPILATION_MODE = wholemodule;
				SWIFT_OPTIMIZATION_LEVEL = "-O";
				VALIDATE_PRODUCT = YES;
			};
			name = Release;
		};
		6ED515312A5350600096ECF0 /* Debug */ = {
			isa = XCBuildConfiguration;
			buildSettings = {
				ASSETCATALOG_COMPILER_APPICON_NAME = AppIcon;
				ASSETCATALOG_COMPILER_GLOBAL_ACCENT_COLOR_NAME = AccentColor;
				CODE_SIGN_STYLE = Automatic;
				CURRENT_PROJECT_VERSION = 1;
				DEVELOPMENT_ASSET_PATHS = "\"MysteryOfNumbers/Preview Content\"";
				ENABLE_PREVIEWS = YES;
				GENERATE_INFOPLIST_FILE = YES;
				INFOPLIST_KEY_UIApplicationSceneManifest_Generation = YES;
				INFOPLIST_KEY_UIApplicationSupportsIndirectInputEvents = YES;
				INFOPLIST_KEY_UILaunchScreen_Generation = YES;
				INFOPLIST_KEY_UISupportedInterfaceOrientations_iPad = "UIInterfaceOrientationPortrait UIInterfaceOrientationPortraitUpsideDown UIInterfaceOrientationLandscapeLeft UIInterfaceOrientationLandscapeRight";
				INFOPLIST_KEY_UISupportedInterfaceOrientations_iPhone = "UIInterfaceOrientationPortrait UIInterfaceOrientationLandscapeLeft UIInterfaceOrientationLandscapeRight";
				LD_RUNPATH_SEARCH_PATHS = (
					"$(inherited)",
					"@executable_path/Frameworks",
				);
				MARKETING_VERSION = 1.0;
				PRODUCT_BUNDLE_IDENTIFIER = com.google.gkhkaya.MysteryOfNumbers;
				PRODUCT_NAME = "$(TARGET_NAME)";
				SWIFT_EMIT_LOC_STRINGS = YES;
				SWIFT_VERSION = 5.0;
				TARGETED_DEVICE_FAMILY = "1,2";
			};
			name = Debug;
		};
		6ED515322A5350600096ECF0 /* Release */ = {
			isa = XCBuildConfiguration;
			buildSettings = {
				ASSETCATALOG_COMPILER_APPICON_NAME = AppIcon;
				ASSETCATALOG_COMPILER_GLOBAL_ACCENT_COLOR_NAME = AccentColor;
				CODE_SIGN_STYLE = Automatic;
				CURRENT_PROJECT_VERSION = 1;
				DEVELOPMENT_ASSET_PATHS = "\"MysteryOfNumbers/Preview Content\"";
				ENABLE_PREVIEWS = YES;
				GENERATE_INFOPLIST_FILE = YES;
				INFOPLIST_KEY_UIApplicationSceneManifest_Generation = YES;
				INFOPLIST_KEY_UIApplicationSupportsIndirectInputEvents = YES;
				INFOPLIST_KEY_UILaunchScreen_Generation = YES;
				INFOPLIST_KEY_UISupportedInterfaceOrientations_iPad = "UIInterfaceOrientationPortrait UIInterfaceOrientationPortraitUpsideDown UIInterfaceOrientationLandscapeLeft UIInterfaceOrientationLandscapeRight";
				INFOPLIST_KEY_UISupportedInterfaceOrientations_iPhone = "UIInterfaceOrientationPortrait UIInterfaceOrientationLandscapeLeft UIInterfaceOrientationLandscapeRight";
				LD_RUNPATH_SEARCH_PATHS = (
					"$(inherited)",
					"@executable_path/Frameworks",
				);
				MARKETING_VERSION = 1.0;
				PRODUCT_BUNDLE_IDENTIFIER = com.google.gkhkaya.MysteryOfNumbers;
				PRODUCT_NAME = "$(TARGET_NAME)";
				SWIFT_EMIT_LOC_STRINGS = YES;
				SWIFT_VERSION = 5.0;
				TARGETED_DEVICE_FAMILY = "1,2";
			};
			name = Release;
		};
/* End XCBuildConfiguration section */

/* Begin XCConfigurationList section */
		6ED5151D2A53505F0096ECF0 /* Build configuration list for PBXProject "MysteryOfNumbers" */ = {
			isa = XCConfigurationList;
			buildConfigurations = (
				6ED5152E2A5350600096ECF0 /* Debug */,
				6ED5152F2A5350600096ECF0 /* Release */,
			);
			defaultConfigurationIsVisible = 0;
			defaultConfigurationName = Release;
		};
		6ED515302A5350600096ECF0 /* Build configuration list for PBXNativeTarget "MysteryOfNumbers" */ = {
			isa = XCConfigurationList;
			buildConfigurations = (
				6ED515312A5350600096ECF0 /* Debug */,
				6ED515322A5350600096ECF0 /* Release */,
			);
			defaultConfigurationIsVisible = 0;
			defaultConfigurationName = Release;
		};
/* End XCConfigurationList section */

/* Begin XCRemoteSwiftPackageReference section */
		6E5AA8F32A55338B003232AA /* XCRemoteSwiftPackageReference "Kingfisher" */ = {
			isa = XCRemoteSwiftPackageReference;
			repositoryURL = "https://github.com/onevcat/Kingfisher";
			requirement = {
				kind = upToNextMajorVersion;
				minimumVersion = 7.0.0;
			};
		};
		6E5AA8F62A55339C003232AA /* XCRemoteSwiftPackageReference "Alamofire" */ = {
			isa = XCRemoteSwiftPackageReference;
			repositoryURL = "https://github.com/Alamofire/Alamofire";
			requirement = {
				kind = upToNextMajorVersion;
				minimumVersion = 5.0.0;
			};
		};
/* End XCRemoteSwiftPackageReference section */

/* Begin XCSwiftPackageProductDependency section */
		6E5AA8F42A55338B003232AA /* Kingfisher */ = {
			isa = XCSwiftPackageProductDependency;
			package = 6E5AA8F32A55338B003232AA /* XCRemoteSwiftPackageReference "Kingfisher" */;
			productName = Kingfisher;
		};
		6E5AA8F72A55339C003232AA /* Alamofire */ = {
			isa = XCSwiftPackageProductDependency;
			package = 6E5AA8F62A55339C003232AA /* XCRemoteSwiftPackageReference "Alamofire" */;
			productName = Alamofire;
		};
/* End XCSwiftPackageProductDependency section */
	};
	rootObject = 6ED5151A2A53505F0096ECF0 /* Project object */;
}
